{
  "version": 4,
  "terraform_version": "1.6.1",
  "serial": 565,
  "lineage": "89f24647-f572-f019-db00-4272f9df09c7",
  "outputs": {
    "areas": {
      "value": [
        "secrets/uk-de/omni",
        "secrets/vf-uk/crm",
        "secrets/uk-de/omni",
        "secrets/vf-uk/crm-1",
        "secrets/vci/sms",
        "secrets/vci/sms",
        "secrets/uk-de/omni"
      ],
      "type": [
        "tuple",
        [
          "string",
          "string",
          "string",
          "string",
          "string",
          "string",
          "string"
        ]
      ]
    },
    "markets": {
      "value": [
        "uk-de",
        "vf-uk",
        "uk-de",
        "vf-uk",
        "vci",
        "vci",
        "uk-de"
      ],
      "type": [
        "tuple",
        [
          "string",
          "string",
          "string",
          "string",
          "string",
          "string",
          "string"
        ]
      ]
    },
    "projects": {
      "value": [
        "secrets/uk-de/omni/osfsky",
        "secrets/vf-uk/crm/sieble",
        "secrets/uk-de/omni/osfsky-1",
        "secrets/vf-uk/crm-1/sieble-1",
        "secrets/vci/sms/sms-prod",
        "secrets/vci/sms/sms-lab",
        "secrets/uk-de/omni/osfsky-1"
      ],
      "type": [
        "tuple",
        [
          "string",
          "string",
          "string",
          "string",
          "string",
          "string",
          "string"
        ]
      ]
    }
  },
  "resources": [
    {
      "mode": "data",
      "type": "vault_identity_group",
      "name": "secrets_admin_group",
      "provider": "provider[\"registry.terraform.io/hashicorp/vault\"]",
      "instances": [
        {
          "schema_version": 0,
          "attributes": {
            "alias_canonical_id": null,
            "alias_creation_time": null,
            "alias_id": null,
            "alias_last_update_time": null,
            "alias_merged_from_canonical_ids": [],
            "alias_metadata": null,
            "alias_mount_accessor": null,
            "alias_mount_path": null,
            "alias_mount_type": null,
            "alias_name": null,
            "creation_time": "2024-05-11T22:08:13.184415Z",
            "data_json": "{\"alias\":{},\"creation_time\":\"2024-05-11T22:08:13.184415Z\",\"id\":\"73f4b62e-0788-92c3-c1b2-2a57150b57ec\",\"last_update_time\":\"2024-05-11T22:21:09.561324Z\",\"member_entity_ids\":[\"d9736355-34b0-f10d-9ee8-78d6091ea432\"],\"member_group_ids\":null,\"metadata\":null,\"modify_index\":22,\"name\":\"vault-admins\",\"namespace_id\":\"xKjBO\",\"parent_group_ids\":[\"d706ec06-7d7b-bdcd-a387-3a73dfb60cb4\",\"e039f4cc-4870-b90d-75cb-488c17f19cfb\",\"b5e8cc57-ea2e-4f0d-a6da-21b7080cd95d\",\"93f65998-1283-3b6b-3d98-ec0bc1b635f8\",\"b194a6de-db0f-a72a-fddd-d448b364257d\",\"6f1b283e-dab7-605b-dabc-080c98446bce\",\"e1079cf4-203f-69e9-2b84-3684e79e6002\",\"d1f60dcc-f510-adf7-adcc-86e80105ce6e\",\"4372a5ae-64a1-218f-23f3-953a7e832cc0\",\"c362eff6-22ac-1e04-4a7f-0358e7721f97\",\"9678f2c2-7fd1-9116-b3ab-8a130d35beae\",\"58153833-fc01-3036-133f-5a516924ceb4\",\"da7073ca-abad-260b-f7da-d4a3c5c92a92\",\"b35aa182-374e-e07b-8d90-cadf4116a20c\",\"a5261420-7ae7-1403-c4a6-83950f3aab42\",\"1ab03055-db8e-1a6f-d5f0-9466734e0f79\",\"ee4cc300-02d8-2efe-d856-828d549ce5b6\",\"d579a4a6-03f9-2c22-7bba-ab11e6555b99\",\"924de736-ea07-49ea-64f4-300c7f9e1636\",\"923ee7d4-af77-4380-0790-e6bf1f122218\"],\"policies\":[\"default\",\"vault-admin-secrets\"],\"type\":\"internal\"}",
            "group_id": "73f4b62e-0788-92c3-c1b2-2a57150b57ec",
            "group_name": "vault-admins",
            "id": "73f4b62e-0788-92c3-c1b2-2a57150b57ec",
            "last_update_time": "2024-05-11T22:21:09.561324Z",
            "member_entity_ids": [
              "d9736355-34b0-f10d-9ee8-78d6091ea432"
            ],
            "member_group_ids": [],
            "metadata": {},
            "modify_index": 22,
            "namespace": "secrets",
            "namespace_id": "xKjBO",
            "parent_group_ids": [
              "1ab03055-db8e-1a6f-d5f0-9466734e0f79",
              "4372a5ae-64a1-218f-23f3-953a7e832cc0",
              "58153833-fc01-3036-133f-5a516924ceb4",
              "6f1b283e-dab7-605b-dabc-080c98446bce",
              "923ee7d4-af77-4380-0790-e6bf1f122218",
              "924de736-ea07-49ea-64f4-300c7f9e1636",
              "93f65998-1283-3b6b-3d98-ec0bc1b635f8",
              "9678f2c2-7fd1-9116-b3ab-8a130d35beae",
              "a5261420-7ae7-1403-c4a6-83950f3aab42",
              "b194a6de-db0f-a72a-fddd-d448b364257d",
              "b35aa182-374e-e07b-8d90-cadf4116a20c",
              "b5e8cc57-ea2e-4f0d-a6da-21b7080cd95d",
              "c362eff6-22ac-1e04-4a7f-0358e7721f97",
              "d1f60dcc-f510-adf7-adcc-86e80105ce6e",
              "d579a4a6-03f9-2c22-7bba-ab11e6555b99",
              "d706ec06-7d7b-bdcd-a387-3a73dfb60cb4",
              "da7073ca-abad-260b-f7da-d4a3c5c92a92",
              "e039f4cc-4870-b90d-75cb-488c17f19cfb",
              "e1079cf4-203f-69e9-2b84-3684e79e6002",
              "ee4cc300-02d8-2efe-d856-828d549ce5b6"
            ],
            "policies": [
              "default",
              "vault-admin-secrets"
            ],
            "type": "internal"
          },
          "sensitive_attributes": []
        }
      ]
    },
    {
      "module": "module.landing_zone_secrets",
      "mode": "managed",
      "type": "vault_identity_group",
      "name": "envs_admins_groups",
      "provider": "provider[\"registry.terraform.io/hashicorp/vault\"]",
      "instances": [
        {
          "index_key": "secrets/uk-de/omni/osfsky-1/non-prod",
          "schema_version": 1,
          "attributes": {
            "external_member_entity_ids": false,
            "external_member_group_ids": false,
            "external_policies": false,
            "id": "ecd47326-286d-d590-7000-711fbab189a9",
            "member_entity_ids": null,
            "member_group_ids": [
              "73f4b62e-0788-92c3-c1b2-2a57150b57ec"
            ],
            "metadata": null,
            "name": "vault_admins",
            "namespace": "secrets/uk-de/omni/osfsky-1/non-prod",
            "policies": [
              "default",
              "vault_admins_policy"
            ],
            "type": "internal"
          },
          "sensitive_attributes": [],
          "private": "eyJzY2hlbWFfdmVyc2lvbiI6IjEifQ==",
          "dependencies": [
            "data.vault_identity_group.secrets_admin_group",
            "module.landing_zone_secrets.vault_namespace.areas_namespaces",
            "module.landing_zone_secrets.vault_namespace.env_namespaces",
            "module.landing_zone_secrets.vault_namespace.markets_namespaces",
            "module.landing_zone_secrets.vault_namespace.project_namespaces",
            "module.landing_zone_secrets.vault_policy.env_policies"
          ]
        },
        {
          "index_key": "secrets/uk-de/omni/osfsky-1/prod",
          "schema_version": 1,
          "attributes": {
            "external_member_entity_ids": false,
            "external_member_group_ids": false,
            "external_policies": false,
            "id": "5a993be1-2208-dd88-eb5c-5d10cc21ac8a",
            "member_entity_ids": null,
            "member_group_ids": [
              "73f4b62e-0788-92c3-c1b2-2a57150b57ec"
            ],
            "metadata": null,
            "name": "vault_admins",
            "namespace": "secrets/uk-de/omni/osfsky-1/prod",
            "policies": [
              "default",
              "vault_admins_policy"
            ],
            "type": "internal"
          },
          "sensitive_attributes": [],
          "private": "eyJzY2hlbWFfdmVyc2lvbiI6IjEifQ==",
          "dependencies": [
            "data.vault_identity_group.secrets_admin_group",
            "module.landing_zone_secrets.vault_namespace.areas_namespaces",
            "module.landing_zone_secrets.vault_namespace.env_namespaces",
            "module.landing_zone_secrets.vault_namespace.markets_namespaces",
            "module.landing_zone_secrets.vault_namespace.project_namespaces",
            "module.landing_zone_secrets.vault_policy.env_policies"
          ]
        },
        {
          "index_key": "secrets/uk-de/omni/osfsky/non-prod",
          "schema_version": 1,
          "attributes": {
            "external_member_entity_ids": false,
            "external_member_group_ids": false,
            "external_policies": false,
            "id": "cdbf6cf2-e5af-9ce4-fe7b-b4106843b171",
            "member_entity_ids": null,
            "member_group_ids": [
              "73f4b62e-0788-92c3-c1b2-2a57150b57ec"
            ],
            "metadata": null,
            "name": "vault_admins",
            "namespace": "secrets/uk-de/omni/osfsky/non-prod",
            "policies": [
              "default",
              "vault_admins_policy"
            ],
            "type": "internal"
          },
          "sensitive_attributes": [],
          "private": "eyJzY2hlbWFfdmVyc2lvbiI6IjEifQ==",
          "dependencies": [
            "data.vault_identity_group.secrets_admin_group",
            "module.landing_zone_secrets.vault_namespace.areas_namespaces",
            "module.landing_zone_secrets.vault_namespace.env_namespaces",
            "module.landing_zone_secrets.vault_namespace.markets_namespaces",
            "module.landing_zone_secrets.vault_namespace.project_namespaces",
            "module.landing_zone_secrets.vault_policy.env_policies"
          ]
        },
        {
          "index_key": "secrets/vci/sms/sms-lab/non-prod",
          "schema_version": 1,
          "attributes": {
            "external_member_entity_ids": false,
            "external_member_group_ids": false,
            "external_policies": false,
            "id": "aed6e21a-a5a9-4ed3-ed8e-1c8caabf6904",
            "member_entity_ids": null,
            "member_group_ids": [
              "73f4b62e-0788-92c3-c1b2-2a57150b57ec"
            ],
            "metadata": null,
            "name": "vault_admins",
            "namespace": "secrets/vci/sms/sms-lab/non-prod",
            "policies": [
              "default",
              "vault_admins_policy"
            ],
            "type": "internal"
          },
          "sensitive_attributes": [],
          "private": "eyJzY2hlbWFfdmVyc2lvbiI6IjEifQ==",
          "dependencies": [
            "data.vault_identity_group.secrets_admin_group",
            "module.landing_zone_secrets.vault_namespace.areas_namespaces",
            "module.landing_zone_secrets.vault_namespace.env_namespaces",
            "module.landing_zone_secrets.vault_namespace.markets_namespaces",
            "module.landing_zone_secrets.vault_namespace.project_namespaces",
            "module.landing_zone_secrets.vault_policy.env_policies"
          ]
        },
        {
          "index_key": "secrets/vci/sms/sms-prod/prod",
          "schema_version": 1,
          "attributes": {
            "external_member_entity_ids": false,
            "external_member_group_ids": false,
            "external_policies": false,
            "id": "d9cefca4-9ac5-6b91-0533-4550ed105de2",
            "member_entity_ids": null,
            "member_group_ids": [
              "73f4b62e-0788-92c3-c1b2-2a57150b57ec"
            ],
            "metadata": null,
            "name": "vault_admins",
            "namespace": "secrets/vci/sms/sms-prod/prod",
            "policies": [
              "default",
              "vault_admins_policy"
            ],
            "type": "internal"
          },
          "sensitive_attributes": [],
          "private": "eyJzY2hlbWFfdmVyc2lvbiI6IjEifQ==",
          "dependencies": [
            "data.vault_identity_group.secrets_admin_group",
            "module.landing_zone_secrets.vault_namespace.areas_namespaces",
            "module.landing_zone_secrets.vault_namespace.env_namespaces",
            "module.landing_zone_secrets.vault_namespace.markets_namespaces",
            "module.landing_zone_secrets.vault_namespace.project_namespaces",
            "module.landing_zone_secrets.vault_policy.env_policies"
          ]
        },
        {
          "index_key": "secrets/vf-uk/crm-1/sieble-1/non-prod",
          "schema_version": 1,
          "attributes": {
            "external_member_entity_ids": false,
            "external_member_group_ids": false,
            "external_policies": false,
            "id": "47ce2a59-509c-a573-61f2-9a8a9382e193",
            "member_entity_ids": null,
            "member_group_ids": [
              "73f4b62e-0788-92c3-c1b2-2a57150b57ec"
            ],
            "metadata": null,
            "name": "vault_admins",
            "namespace": "secrets/vf-uk/crm-1/sieble-1/non-prod",
            "policies": [
              "default",
              "vault_admins_policy"
            ],
            "type": "internal"
          },
          "sensitive_attributes": [],
          "private": "eyJzY2hlbWFfdmVyc2lvbiI6IjEifQ==",
          "dependencies": [
            "data.vault_identity_group.secrets_admin_group",
            "module.landing_zone_secrets.vault_namespace.areas_namespaces",
            "module.landing_zone_secrets.vault_namespace.env_namespaces",
            "module.landing_zone_secrets.vault_namespace.markets_namespaces",
            "module.landing_zone_secrets.vault_namespace.project_namespaces",
            "module.landing_zone_secrets.vault_policy.env_policies"
          ]
        },
        {
          "index_key": "secrets/vf-uk/crm/sieble/prod",
          "schema_version": 1,
          "attributes": {
            "external_member_entity_ids": false,
            "external_member_group_ids": false,
            "external_policies": false,
            "id": "63c195e3-8c63-6bb2-ace1-549c7bf80c84",
            "member_entity_ids": null,
            "member_group_ids": [
              "73f4b62e-0788-92c3-c1b2-2a57150b57ec"
            ],
            "metadata": null,
            "name": "vault_admins",
            "namespace": "secrets/vf-uk/crm/sieble/prod",
            "policies": [
              "default",
              "vault_admins_policy"
            ],
            "type": "internal"
          },
          "sensitive_attributes": [],
          "private": "eyJzY2hlbWFfdmVyc2lvbiI6IjEifQ==",
          "dependencies": [
            "data.vault_identity_group.secrets_admin_group",
            "module.landing_zone_secrets.vault_namespace.areas_namespaces",
            "module.landing_zone_secrets.vault_namespace.env_namespaces",
            "module.landing_zone_secrets.vault_namespace.markets_namespaces",
            "module.landing_zone_secrets.vault_namespace.project_namespaces",
            "module.landing_zone_secrets.vault_policy.env_policies"
          ]
        }
      ]
    },
    {
      "module": "module.landing_zone_secrets",
      "mode": "managed",
      "type": "vault_identity_group",
      "name": "markets_admins_groups",
      "provider": "provider[\"registry.terraform.io/hashicorp/vault\"]",
      "instances": [
        {
          "index_key": "uk-de",
          "schema_version": 1,
          "attributes": {
            "external_member_entity_ids": false,
            "external_member_group_ids": false,
            "external_policies": false,
            "id": "c31ad629-670e-4140-fef2-b27319c59993",
            "member_entity_ids": null,
            "member_group_ids": [
              "73f4b62e-0788-92c3-c1b2-2a57150b57ec"
            ],
            "metadata": null,
            "name": "vault_admins",
            "namespace": "secrets/uk-de",
            "policies": [
              "default",
              "vault_admins_policy"
            ],
            "type": "internal"
          },
          "sensitive_attributes": [],
          "private": "eyJzY2hlbWFfdmVyc2lvbiI6IjEifQ==",
          "dependencies": [
            "data.vault_identity_group.secrets_admin_group",
            "module.landing_zone_secrets.vault_namespace.markets_namespaces",
            "module.landing_zone_secrets.vault_policy.markets_policies"
          ]
        },
        {
          "index_key": "vci",
          "schema_version": 1,
          "attributes": {
            "external_member_entity_ids": false,
            "external_member_group_ids": false,
            "external_policies": false,
            "id": "ca890147-6121-3913-417e-a202d915eb28",
            "member_entity_ids": null,
            "member_group_ids": [
              "73f4b62e-0788-92c3-c1b2-2a57150b57ec"
            ],
            "metadata": null,
            "name": "vault_admins",
            "namespace": "secrets/vci",
            "policies": [
              "default",
              "vault_admins_policy"
            ],
            "type": "internal"
          },
          "sensitive_attributes": [],
          "private": "eyJzY2hlbWFfdmVyc2lvbiI6IjEifQ==",
          "dependencies": [
            "data.vault_identity_group.secrets_admin_group",
            "module.landing_zone_secrets.vault_namespace.markets_namespaces",
            "module.landing_zone_secrets.vault_policy.markets_policies"
          ]
        },
        {
          "index_key": "vf-uk",
          "schema_version": 1,
          "attributes": {
            "external_member_entity_ids": false,
            "external_member_group_ids": false,
            "external_policies": false,
            "id": "91d0f9f1-cb18-d968-88e2-0ce2ac67d4bf",
            "member_entity_ids": null,
            "member_group_ids": [
              "73f4b62e-0788-92c3-c1b2-2a57150b57ec"
            ],
            "metadata": null,
            "name": "vault_admins",
            "namespace": "secrets/vf-uk",
            "policies": [
              "default",
              "vault_admins_policy"
            ],
            "type": "internal"
          },
          "sensitive_attributes": [],
          "private": "eyJzY2hlbWFfdmVyc2lvbiI6IjEifQ==",
          "dependencies": [
            "data.vault_identity_group.secrets_admin_group",
            "module.landing_zone_secrets.vault_namespace.markets_namespaces",
            "module.landing_zone_secrets.vault_policy.markets_policies"
          ]
        }
      ]
    },
    {
      "module": "module.landing_zone_secrets",
      "mode": "managed",
      "type": "vault_identity_group",
      "name": "projects_admins_groups",
      "provider": "provider[\"registry.terraform.io/hashicorp/vault\"]",
      "instances": [
        {
          "index_key": "secrets/uk-de/omni/osfsky",
          "schema_version": 1,
          "attributes": {
            "external_member_entity_ids": false,
            "external_member_group_ids": false,
            "external_policies": false,
            "id": "43469758-966d-31e1-eab7-22a1b66b8961",
            "member_entity_ids": null,
            "member_group_ids": [
              "73f4b62e-0788-92c3-c1b2-2a57150b57ec"
            ],
            "metadata": null,
            "name": "vault_admins",
            "namespace": "secrets/uk-de/omni/osfsky",
            "policies": [
              "default",
              "vault_admins_policy"
            ],
            "type": "internal"
          },
          "sensitive_attributes": [],
          "private": "eyJzY2hlbWFfdmVyc2lvbiI6IjEifQ==",
          "dependencies": [
            "data.vault_identity_group.secrets_admin_group",
            "module.landing_zone_secrets.vault_namespace.areas_namespaces",
            "module.landing_zone_secrets.vault_namespace.markets_namespaces",
            "module.landing_zone_secrets.vault_namespace.project_namespaces",
            "module.landing_zone_secrets.vault_policy.projects_policies"
          ]
        },
        {
          "index_key": "secrets/uk-de/omni/osfsky-1",
          "schema_version": 1,
          "attributes": {
            "external_member_entity_ids": false,
            "external_member_group_ids": false,
            "external_policies": false,
            "id": "e4be27d6-268e-7bc5-2b09-cc2893931536",
            "member_entity_ids": null,
            "member_group_ids": [
              "73f4b62e-0788-92c3-c1b2-2a57150b57ec"
            ],
            "metadata": null,
            "name": "vault_admins",
            "namespace": "secrets/uk-de/omni/osfsky-1",
            "policies": [
              "default",
              "vault_admins_policy"
            ],
            "type": "internal"
          },
          "sensitive_attributes": [],
          "private": "eyJzY2hlbWFfdmVyc2lvbiI6IjEifQ==",
          "dependencies": [
            "data.vault_identity_group.secrets_admin_group",
            "module.landing_zone_secrets.vault_namespace.areas_namespaces",
            "module.landing_zone_secrets.vault_namespace.markets_namespaces",
            "module.landing_zone_secrets.vault_namespace.project_namespaces",
            "module.landing_zone_secrets.vault_policy.projects_policies"
          ]
        },
        {
          "index_key": "secrets/vci/sms/sms-lab",
          "schema_version": 1,
          "attributes": {
            "external_member_entity_ids": false,
            "external_member_group_ids": false,
            "external_policies": false,
            "id": "0eff795d-c3b7-6960-8d06-7adc5e143dda",
            "member_entity_ids": null,
            "member_group_ids": [
              "73f4b62e-0788-92c3-c1b2-2a57150b57ec"
            ],
            "metadata": null,
            "name": "vault_admins",
            "namespace": "secrets/vci/sms/sms-lab",
            "policies": [
              "default",
              "vault_admins_policy"
            ],
            "type": "internal"
          },
          "sensitive_attributes": [],
          "private": "eyJzY2hlbWFfdmVyc2lvbiI6IjEifQ==",
          "dependencies": [
            "data.vault_identity_group.secrets_admin_group",
            "module.landing_zone_secrets.vault_namespace.areas_namespaces",
            "module.landing_zone_secrets.vault_namespace.markets_namespaces",
            "module.landing_zone_secrets.vault_namespace.project_namespaces",
            "module.landing_zone_secrets.vault_policy.projects_policies"
          ]
        },
        {
          "index_key": "secrets/vci/sms/sms-prod",
          "schema_version": 1,
          "attributes": {
            "external_member_entity_ids": false,
            "external_member_group_ids": false,
            "external_policies": false,
            "id": "7a799edd-40d4-ae4d-777c-310b4f0e2c2e",
            "member_entity_ids": null,
            "member_group_ids": [
              "73f4b62e-0788-92c3-c1b2-2a57150b57ec"
            ],
            "metadata": null,
            "name": "vault_admins",
            "namespace": "secrets/vci/sms/sms-prod",
            "policies": [
              "default",
              "vault_admins_policy"
            ],
            "type": "internal"
          },
          "sensitive_attributes": [],
          "private": "eyJzY2hlbWFfdmVyc2lvbiI6IjEifQ==",
          "dependencies": [
            "data.vault_identity_group.secrets_admin_group",
            "module.landing_zone_secrets.vault_namespace.areas_namespaces",
            "module.landing_zone_secrets.vault_namespace.markets_namespaces",
            "module.landing_zone_secrets.vault_namespace.project_namespaces",
            "module.landing_zone_secrets.vault_policy.projects_policies"
          ]
        },
        {
          "index_key": "secrets/vf-uk/crm-1/sieble-1",
          "schema_version": 1,
          "attributes": {
            "external_member_entity_ids": false,
            "external_member_group_ids": false,
            "external_policies": false,
            "id": "2d6f1770-b580-22ee-74f3-c9a867d3df90",
            "member_entity_ids": null,
            "member_group_ids": [
              "73f4b62e-0788-92c3-c1b2-2a57150b57ec"
            ],
            "metadata": null,
            "name": "vault_admins",
            "namespace": "secrets/vf-uk/crm-1/sieble-1",
            "policies": [
              "default",
              "vault_admins_policy"
            ],
            "type": "internal"
          },
          "sensitive_attributes": [],
          "private": "eyJzY2hlbWFfdmVyc2lvbiI6IjEifQ==",
          "dependencies": [
            "data.vault_identity_group.secrets_admin_group",
            "module.landing_zone_secrets.vault_namespace.areas_namespaces",
            "module.landing_zone_secrets.vault_namespace.markets_namespaces",
            "module.landing_zone_secrets.vault_namespace.project_namespaces",
            "module.landing_zone_secrets.vault_policy.projects_policies"
          ]
        },
        {
          "index_key": "secrets/vf-uk/crm/sieble",
          "schema_version": 1,
          "attributes": {
            "external_member_entity_ids": false,
            "external_member_group_ids": false,
            "external_policies": false,
            "id": "2e041076-bf66-e632-8edc-22939fc55ed0",
            "member_entity_ids": null,
            "member_group_ids": [
              "73f4b62e-0788-92c3-c1b2-2a57150b57ec"
            ],
            "metadata": null,
            "name": "vault_admins",
            "namespace": "secrets/vf-uk/crm/sieble",
            "policies": [
              "default",
              "vault_admins_policy"
            ],
            "type": "internal"
          },
          "sensitive_attributes": [],
          "private": "eyJzY2hlbWFfdmVyc2lvbiI6IjEifQ==",
          "dependencies": [
            "data.vault_identity_group.secrets_admin_group",
            "module.landing_zone_secrets.vault_namespace.areas_namespaces",
            "module.landing_zone_secrets.vault_namespace.markets_namespaces",
            "module.landing_zone_secrets.vault_namespace.project_namespaces",
            "module.landing_zone_secrets.vault_policy.projects_policies"
          ]
        }
      ]
    },
    {
      "module": "module.landing_zone_secrets",
      "mode": "managed",
      "type": "vault_namespace",
      "name": "areas_namespaces",
      "provider": "provider[\"registry.terraform.io/hashicorp/vault\"]",
      "instances": [
        {
          "index_key": "secrets/uk-de/omni",
          "schema_version": 0,
          "attributes": {
            "custom_metadata": {},
            "id": "secrets/uk-de/omni/",
            "namespace": "secrets/uk-de",
            "namespace_id": "skARv",
            "path": "omni",
            "path_fq": "secrets/uk-de/omni"
          },
          "sensitive_attributes": [],
          "private": "bnVsbA==",
          "dependencies": [
            "data.vault_identity_group.secrets_admin_group",
            "module.landing_zone_secrets.vault_namespace.markets_namespaces"
          ]
        },
        {
          "index_key": "secrets/vci/sms",
          "schema_version": 0,
          "attributes": {
            "custom_metadata": {},
            "id": "secrets/vci/sms/",
            "namespace": "secrets/vci",
            "namespace_id": "3qoAN",
            "path": "sms",
            "path_fq": "secrets/vci/sms"
          },
          "sensitive_attributes": [],
          "private": "bnVsbA==",
          "dependencies": [
            "data.vault_identity_group.secrets_admin_group",
            "module.landing_zone_secrets.vault_namespace.markets_namespaces"
          ]
        },
        {
          "index_key": "secrets/vf-uk/crm",
          "schema_version": 0,
          "attributes": {
            "custom_metadata": {},
            "id": "secrets/vf-uk/crm/",
            "namespace": "secrets/vf-uk",
            "namespace_id": "WkFzi",
            "path": "crm",
            "path_fq": "secrets/vf-uk/crm"
          },
          "sensitive_attributes": [],
          "private": "bnVsbA==",
          "dependencies": [
            "data.vault_identity_group.secrets_admin_group",
            "module.landing_zone_secrets.vault_namespace.markets_namespaces"
          ]
        },
        {
          "index_key": "secrets/vf-uk/crm-1",
          "schema_version": 0,
          "attributes": {
            "custom_metadata": {},
            "id": "secrets/vf-uk/crm-1/",
            "namespace": "secrets/vf-uk",
            "namespace_id": "561yl",
            "path": "crm-1",
            "path_fq": "secrets/vf-uk/crm-1"
          },
          "sensitive_attributes": [],
          "private": "bnVsbA==",
          "dependencies": [
            "data.vault_identity_group.secrets_admin_group",
            "module.landing_zone_secrets.vault_namespace.markets_namespaces"
          ]
        }
      ]
    },
    {
      "module": "module.landing_zone_secrets",
      "mode": "managed",
      "type": "vault_namespace",
      "name": "env_namespaces",
      "provider": "provider[\"registry.terraform.io/hashicorp/vault\"]",
      "instances": [
        {
          "index_key": "secrets/uk-de/omni/osfsky-1/non-prod",
          "schema_version": 0,
          "attributes": {
            "custom_metadata": {},
            "id": "secrets/uk-de/omni/osfsky-1/non-prod/",
            "namespace": "secrets/uk-de/omni/osfsky-1",
            "namespace_id": "Re2lX",
            "path": "non-prod",
            "path_fq": "secrets/uk-de/omni/osfsky-1/non-prod"
          },
          "sensitive_attributes": [],
          "private": "bnVsbA==",
          "dependencies": [
            "data.vault_identity_group.secrets_admin_group",
            "module.landing_zone_secrets.vault_namespace.areas_namespaces",
            "module.landing_zone_secrets.vault_namespace.markets_namespaces",
            "module.landing_zone_secrets.vault_namespace.project_namespaces"
          ]
        },
        {
          "index_key": "secrets/uk-de/omni/osfsky-1/prod",
          "schema_version": 0,
          "attributes": {
            "custom_metadata": {},
            "id": "secrets/uk-de/omni/osfsky-1/prod/",
            "namespace": "secrets/uk-de/omni/osfsky-1",
            "namespace_id": "fX9sL",
            "path": "prod",
            "path_fq": "secrets/uk-de/omni/osfsky-1/prod"
          },
          "sensitive_attributes": [],
          "private": "bnVsbA==",
          "dependencies": [
            "data.vault_identity_group.secrets_admin_group",
            "module.landing_zone_secrets.vault_namespace.areas_namespaces",
            "module.landing_zone_secrets.vault_namespace.markets_namespaces",
            "module.landing_zone_secrets.vault_namespace.project_namespaces"
          ]
        },
        {
          "index_key": "secrets/uk-de/omni/osfsky/non-prod",
          "schema_version": 0,
          "attributes": {
            "custom_metadata": {},
            "id": "secrets/uk-de/omni/osfsky/non-prod/",
            "namespace": "secrets/uk-de/omni/osfsky",
            "namespace_id": "TxqPC",
            "path": "non-prod",
            "path_fq": "secrets/uk-de/omni/osfsky/non-prod"
          },
          "sensitive_attributes": [],
          "private": "bnVsbA==",
          "dependencies": [
            "data.vault_identity_group.secrets_admin_group",
            "module.landing_zone_secrets.vault_namespace.areas_namespaces",
            "module.landing_zone_secrets.vault_namespace.markets_namespaces",
            "module.landing_zone_secrets.vault_namespace.project_namespaces"
          ]
        },
        {
          "index_key": "secrets/vci/sms/sms-lab/non-prod",
          "schema_version": 0,
          "attributes": {
            "custom_metadata": {},
            "id": "secrets/vci/sms/sms-lab/non-prod/",
            "namespace": "secrets/vci/sms/sms-lab",
            "namespace_id": "0IOt7",
            "path": "non-prod",
            "path_fq": "secrets/vci/sms/sms-lab/non-prod"
          },
          "sensitive_attributes": [],
          "private": "bnVsbA==",
          "dependencies": [
            "data.vault_identity_group.secrets_admin_group",
            "module.landing_zone_secrets.vault_namespace.areas_namespaces",
            "module.landing_zone_secrets.vault_namespace.markets_namespaces",
            "module.landing_zone_secrets.vault_namespace.project_namespaces"
          ]
        },
        {
          "index_key": "secrets/vci/sms/sms-prod/prod",
          "schema_version": 0,
          "attributes": {
            "custom_metadata": {},
            "id": "secrets/vci/sms/sms-prod/prod/",
            "namespace": "secrets/vci/sms/sms-prod",
            "namespace_id": "4ONNC",
            "path": "prod",
            "path_fq": "secrets/vci/sms/sms-prod/prod"
          },
          "sensitive_attributes": [],
          "private": "bnVsbA==",
          "dependencies": [
            "data.vault_identity_group.secrets_admin_group",
            "module.landing_zone_secrets.vault_namespace.areas_namespaces",
            "module.landing_zone_secrets.vault_namespace.markets_namespaces",
            "module.landing_zone_secrets.vault_namespace.project_namespaces"
          ]
        },
        {
          "index_key": "secrets/vf-uk/crm-1/sieble-1/non-prod",
          "schema_version": 0,
          "attributes": {
            "custom_metadata": {},
            "id": "secrets/vf-uk/crm-1/sieble-1/non-prod/",
            "namespace": "secrets/vf-uk/crm-1/sieble-1",
            "namespace_id": "HMmdu",
            "path": "non-prod",
            "path_fq": "secrets/vf-uk/crm-1/sieble-1/non-prod"
          },
          "sensitive_attributes": [],
          "private": "bnVsbA==",
          "dependencies": [
            "data.vault_identity_group.secrets_admin_group",
            "module.landing_zone_secrets.vault_namespace.areas_namespaces",
            "module.landing_zone_secrets.vault_namespace.markets_namespaces",
            "module.landing_zone_secrets.vault_namespace.project_namespaces"
          ]
        },
        {
          "index_key": "secrets/vf-uk/crm/sieble/prod",
          "schema_version": 0,
          "attributes": {
            "custom_metadata": {},
            "id": "secrets/vf-uk/crm/sieble/prod/",
            "namespace": "secrets/vf-uk/crm/sieble",
            "namespace_id": "EgZ5e",
            "path": "prod",
            "path_fq": "secrets/vf-uk/crm/sieble/prod"
          },
          "sensitive_attributes": [],
          "private": "bnVsbA==",
          "dependencies": [
            "data.vault_identity_group.secrets_admin_group",
            "module.landing_zone_secrets.vault_namespace.areas_namespaces",
            "module.landing_zone_secrets.vault_namespace.markets_namespaces",
            "module.landing_zone_secrets.vault_namespace.project_namespaces"
          ]
        }
      ]
    },
    {
      "module": "module.landing_zone_secrets",
      "mode": "managed",
      "type": "vault_namespace",
      "name": "markets_namespaces",
      "provider": "provider[\"registry.terraform.io/hashicorp/vault\"]",
      "instances": [
        {
          "index_key": "uk-de",
          "schema_version": 0,
          "attributes": {
            "custom_metadata": {},
            "id": "secrets/uk-de/",
            "namespace": "secrets",
            "namespace_id": "aNU7x",
            "path": "uk-de",
            "path_fq": "secrets/uk-de"
          },
          "sensitive_attributes": [],
          "private": "bnVsbA==",
          "dependencies": [
            "data.vault_identity_group.secrets_admin_group"
          ]
        },
        {
          "index_key": "vci",
          "schema_version": 0,
          "attributes": {
            "custom_metadata": {},
            "id": "secrets/vci/",
            "namespace": "secrets",
            "namespace_id": "30JjL",
            "path": "vci",
            "path_fq": "secrets/vci"
          },
          "sensitive_attributes": [],
          "private": "bnVsbA==",
          "dependencies": [
            "data.vault_identity_group.secrets_admin_group"
          ]
        },
        {
          "index_key": "vf-uk",
          "schema_version": 0,
          "attributes": {
            "custom_metadata": {},
            "id": "secrets/vf-uk/",
            "namespace": "secrets",
            "namespace_id": "NreCB",
            "path": "vf-uk",
            "path_fq": "secrets/vf-uk"
          },
          "sensitive_attributes": [],
          "private": "bnVsbA==",
          "dependencies": [
            "data.vault_identity_group.secrets_admin_group"
          ]
        }
      ]
    },
    {
      "module": "module.landing_zone_secrets",
      "mode": "managed",
      "type": "vault_namespace",
      "name": "project_namespaces",
      "provider": "provider[\"registry.terraform.io/hashicorp/vault\"]",
      "instances": [
        {
          "index_key": "secrets/uk-de/omni/osfsky",
          "schema_version": 0,
          "attributes": {
            "custom_metadata": {},
            "id": "secrets/uk-de/omni/osfsky/",
            "namespace": "secrets/uk-de/omni",
            "namespace_id": "lehg0",
            "path": "osfsky",
            "path_fq": "secrets/uk-de/omni/osfsky"
          },
          "sensitive_attributes": [],
          "private": "bnVsbA==",
          "dependencies": [
            "data.vault_identity_group.secrets_admin_group",
            "module.landing_zone_secrets.vault_namespace.areas_namespaces",
            "module.landing_zone_secrets.vault_namespace.markets_namespaces"
          ]
        },
        {
          "index_key": "secrets/uk-de/omni/osfsky-1",
          "schema_version": 0,
          "attributes": {
            "custom_metadata": {},
            "id": "secrets/uk-de/omni/osfsky-1/",
            "namespace": "secrets/uk-de/omni",
            "namespace_id": "uOZl2",
            "path": "osfsky-1",
            "path_fq": "secrets/uk-de/omni/osfsky-1"
          },
          "sensitive_attributes": [],
          "private": "bnVsbA==",
          "dependencies": [
            "data.vault_identity_group.secrets_admin_group",
            "module.landing_zone_secrets.vault_namespace.areas_namespaces",
            "module.landing_zone_secrets.vault_namespace.markets_namespaces"
          ]
        },
        {
          "index_key": "secrets/vci/sms/sms-lab",
          "schema_version": 0,
          "attributes": {
            "custom_metadata": {},
            "id": "secrets/vci/sms/sms-lab/",
            "namespace": "secrets/vci/sms",
            "namespace_id": "tsQsF",
            "path": "sms-lab",
            "path_fq": "secrets/vci/sms/sms-lab"
          },
          "sensitive_attributes": [],
          "private": "bnVsbA==",
          "dependencies": [
            "data.vault_identity_group.secrets_admin_group",
            "module.landing_zone_secrets.vault_namespace.areas_namespaces",
            "module.landing_zone_secrets.vault_namespace.markets_namespaces"
          ]
        },
        {
          "index_key": "secrets/vci/sms/sms-prod",
          "schema_version": 0,
          "attributes": {
            "custom_metadata": {},
            "id": "secrets/vci/sms/sms-prod/",
            "namespace": "secrets/vci/sms",
            "namespace_id": "muEdr",
            "path": "sms-prod",
            "path_fq": "secrets/vci/sms/sms-prod"
          },
          "sensitive_attributes": [],
          "private": "bnVsbA==",
          "dependencies": [
            "data.vault_identity_group.secrets_admin_group",
            "module.landing_zone_secrets.vault_namespace.areas_namespaces",
            "module.landing_zone_secrets.vault_namespace.markets_namespaces"
          ]
        },
        {
          "index_key": "secrets/vf-uk/crm-1/sieble-1",
          "schema_version": 0,
          "attributes": {
            "custom_metadata": {},
            "id": "secrets/vf-uk/crm-1/sieble-1/",
            "namespace": "secrets/vf-uk/crm-1",
            "namespace_id": "pva4e",
            "path": "sieble-1",
            "path_fq": "secrets/vf-uk/crm-1/sieble-1"
          },
          "sensitive_attributes": [],
          "private": "bnVsbA==",
          "dependencies": [
            "data.vault_identity_group.secrets_admin_group",
            "module.landing_zone_secrets.vault_namespace.areas_namespaces",
            "module.landing_zone_secrets.vault_namespace.markets_namespaces"
          ]
        },
        {
          "index_key": "secrets/vf-uk/crm/sieble",
          "schema_version": 0,
          "attributes": {
            "custom_metadata": {},
            "id": "secrets/vf-uk/crm/sieble/",
            "namespace": "secrets/vf-uk/crm",
            "namespace_id": "e3au3",
            "path": "sieble",
            "path_fq": "secrets/vf-uk/crm/sieble"
          },
          "sensitive_attributes": [],
          "private": "bnVsbA==",
          "dependencies": [
            "data.vault_identity_group.secrets_admin_group",
            "module.landing_zone_secrets.vault_namespace.areas_namespaces",
            "module.landing_zone_secrets.vault_namespace.markets_namespaces"
          ]
        }
      ]
    },
    {
      "module": "module.landing_zone_secrets",
      "mode": "managed",
      "type": "vault_policy",
      "name": "areas_policies",
      "provider": "provider[\"registry.terraform.io/hashicorp/vault\"]",
      "instances": [
        {
          "index_key": "secrets/uk-de/omni",
          "schema_version": 0,
          "attributes": {
            "id": "vault_admins_policy",
            "name": "vault_admins_policy",
            "namespace": "secrets/uk-de/omni",
            "policy": "# Manage namespaces in the secrets level\npath \"sys/namespaces/*\" {\n  capabilities = [\"create\", \"update\", \"patch\", \"delete\", \"read\", \"list\"]\n}\n\n# Create and manage identities (entities, aliases, lookup, identity tokens, OIDC) in the kms parent level\npath \"identity/*\" {\n  capabilities = [\"create\", \"update\", \"read\", \"delete\", \"list\"]\n}\n\n# Manage ACL policies in the secrets parent level\npath \"sys/policies/acl/*\" {\n  capabilities = [\"read\", \"create\", \"update\", \"delete\", \"list\"]\n}\n"
          },
          "sensitive_attributes": [],
          "private": "bnVsbA==",
          "dependencies": [
            "data.vault_identity_group.secrets_admin_group",
            "module.landing_zone_secrets.vault_namespace.areas_namespaces",
            "module.landing_zone_secrets.vault_namespace.markets_namespaces"
          ]
        },
        {
          "index_key": "secrets/vci/sms",
          "schema_version": 0,
          "attributes": {
            "id": "vault_admins_policy",
            "name": "vault_admins_policy",
            "namespace": "secrets/vci/sms",
            "policy": "# Manage namespaces in the secrets level\npath \"sys/namespaces/*\" {\n  capabilities = [\"create\", \"update\", \"patch\", \"delete\", \"read\", \"list\"]\n}\n\n# Create and manage identities (entities, aliases, lookup, identity tokens, OIDC) in the kms parent level\npath \"identity/*\" {\n  capabilities = [\"create\", \"update\", \"read\", \"delete\", \"list\"]\n}\n\n# Manage ACL policies in the secrets parent level\npath \"sys/policies/acl/*\" {\n  capabilities = [\"read\", \"create\", \"update\", \"delete\", \"list\"]\n}\n"
          },
          "sensitive_attributes": [],
          "private": "bnVsbA==",
          "dependencies": [
            "data.vault_identity_group.secrets_admin_group",
            "module.landing_zone_secrets.vault_namespace.areas_namespaces",
            "module.landing_zone_secrets.vault_namespace.markets_namespaces"
          ]
        },
        {
          "index_key": "secrets/vf-uk/crm",
          "schema_version": 0,
          "attributes": {
            "id": "vault_admins_policy",
            "name": "vault_admins_policy",
            "namespace": "secrets/vf-uk/crm",
            "policy": "# Manage namespaces in the secrets level\npath \"sys/namespaces/*\" {\n  capabilities = [\"create\", \"update\", \"patch\", \"delete\", \"read\", \"list\"]\n}\n\n# Create and manage identities (entities, aliases, lookup, identity tokens, OIDC) in the kms parent level\npath \"identity/*\" {\n  capabilities = [\"create\", \"update\", \"read\", \"delete\", \"list\"]\n}\n\n# Manage ACL policies in the secrets parent level\npath \"sys/policies/acl/*\" {\n  capabilities = [\"read\", \"create\", \"update\", \"delete\", \"list\"]\n}\n"
          },
          "sensitive_attributes": [],
          "private": "bnVsbA==",
          "dependencies": [
            "data.vault_identity_group.secrets_admin_group",
            "module.landing_zone_secrets.vault_namespace.areas_namespaces",
            "module.landing_zone_secrets.vault_namespace.markets_namespaces"
          ]
        },
        {
          "index_key": "secrets/vf-uk/crm-1",
          "schema_version": 0,
          "attributes": {
            "id": "vault_admins_policy",
            "name": "vault_admins_policy",
            "namespace": "secrets/vf-uk/crm-1",
            "policy": "# Manage namespaces in the secrets level\npath \"sys/namespaces/*\" {\n  capabilities = [\"create\", \"update\", \"patch\", \"delete\", \"read\", \"list\"]\n}\n\n# Create and manage identities (entities, aliases, lookup, identity tokens, OIDC) in the kms parent level\npath \"identity/*\" {\n  capabilities = [\"create\", \"update\", \"read\", \"delete\", \"list\"]\n}\n\n# Manage ACL policies in the secrets parent level\npath \"sys/policies/acl/*\" {\n  capabilities = [\"read\", \"create\", \"update\", \"delete\", \"list\"]\n}\n"
          },
          "sensitive_attributes": [],
          "private": "bnVsbA==",
          "dependencies": [
            "data.vault_identity_group.secrets_admin_group",
            "module.landing_zone_secrets.vault_namespace.areas_namespaces",
            "module.landing_zone_secrets.vault_namespace.markets_namespaces"
          ]
        }
      ]
    },
    {
      "module": "module.landing_zone_secrets",
      "mode": "managed",
      "type": "vault_policy",
      "name": "env_policies",
      "provider": "provider[\"registry.terraform.io/hashicorp/vault\"]",
      "instances": [
        {
          "index_key": "secrets/uk-de/omni/osfsky-1/non-prod",
          "schema_version": 0,
          "attributes": {
            "id": "vault_admins_policy",
            "name": "vault_admins_policy",
            "namespace": "secrets/uk-de/omni/osfsky-1/non-prod",
            "policy": "# Manage namespaces in the current level\npath \"sys/namespaces/*\" {\n  capabilities = [\"update\", \"read\", \"list\"]\n}\n\n# Manage secrets in the current level\npath \"secrets/*\" {\n  capabilities = [\"create\", \"update\", \"read\", \"delete\", \"list\", \"patch\"]\n}\n# Manage secrets in the current level\npath \"kv/*\" {\n  capabilities = [\"create\", \"update\", \"read\", \"delete\", \"list\", \"patch\"]\n}\n# Manage transit in the current level\npath \"transit/*\" {\n  capabilities = [\"create\", \"update\", \"read\", \"delete\", \"list\", \"patch\"]\n}\n\n# Manage database engine in the current level\npath \"database/*\" {\n  capabilities = [\"create\", \"update\", \"read\", \"delete\", \"list\"]\n}\n\n# Create and manage identities (entities, aliases, lookup, identity tokens, OIDC)\npath \"identity/*\" {\n  capabilities = [\"create\", \"update\", \"read\", \"delete\", \"list\"]\n}\n\n# Manage ACL policies in the current level\npath \"sys/policies/acl/*\" {\n  capabilities = [\"read\", \"create\", \"update\", \"delete\", \"list\"]\n}\n\n# List auth methods in the current level\npath \"sys/auth\" {\n  capabilities = [\"read\"]\n}\n\n# Enable, disable, and read auth methods in the current level\npath \"sys/auth/*\" {\n  capabilities = [\"read\", \"create\", \"update\", \"delete\", \"sudo\"]\n}\n\n# Configure Auth methods and CRUD Auth methods' roles in the current level\npath \"auth/*\" {\n  capabilities = [\"create\", \"read\", \"update\", \"delete\", \"list\"]\n}\n\n# Enable and Disable engines\npath \"sys/mounts/*\" {\n capabilities = [\"read\", \"create\", \"update\", \"delete\", \"sudo\", \"list\"]\n}\n\n# List Engines in the CLI\n#If you want to view Engines in the UI you must specify the path in a separate policy path \"secrets/*\"\npath \"sys/mounts\" {\n capabilities = [\"read\"]\n}\n\n# Configure userpass, approle, etc.. auth methods\npath \"sys/mounts/auth/*\" {\n  capabilities = [\"create\", \"read\", \"update\", \"delete\", \"list\"]\n}\n\n"
          },
          "sensitive_attributes": [],
          "private": "bnVsbA==",
          "dependencies": [
            "data.vault_identity_group.secrets_admin_group",
            "module.landing_zone_secrets.vault_namespace.areas_namespaces",
            "module.landing_zone_secrets.vault_namespace.env_namespaces",
            "module.landing_zone_secrets.vault_namespace.markets_namespaces",
            "module.landing_zone_secrets.vault_namespace.project_namespaces"
          ]
        },
        {
          "index_key": "secrets/uk-de/omni/osfsky-1/prod",
          "schema_version": 0,
          "attributes": {
            "id": "vault_admins_policy",
            "name": "vault_admins_policy",
            "namespace": "secrets/uk-de/omni/osfsky-1/prod",
            "policy": "# Manage namespaces in the current level\npath \"sys/namespaces/*\" {\n  capabilities = [\"update\", \"read\", \"list\"]\n}\n\n# Manage secrets in the current level\npath \"secrets/*\" {\n  capabilities = [\"create\", \"update\", \"read\", \"delete\", \"list\", \"patch\"]\n}\n# Manage secrets in the current level\npath \"kv/*\" {\n  capabilities = [\"create\", \"update\", \"read\", \"delete\", \"list\", \"patch\"]\n}\n# Manage transit in the current level\npath \"transit/*\" {\n  capabilities = [\"create\", \"update\", \"read\", \"delete\", \"list\", \"patch\"]\n}\n\n# Manage database engine in the current level\npath \"database/*\" {\n  capabilities = [\"create\", \"update\", \"read\", \"delete\", \"list\"]\n}\n\n# Create and manage identities (entities, aliases, lookup, identity tokens, OIDC)\npath \"identity/*\" {\n  capabilities = [\"create\", \"update\", \"read\", \"delete\", \"list\"]\n}\n\n# Manage ACL policies in the current level\npath \"sys/policies/acl/*\" {\n  capabilities = [\"read\", \"create\", \"update\", \"delete\", \"list\"]\n}\n\n# List auth methods in the current level\npath \"sys/auth\" {\n  capabilities = [\"read\"]\n}\n\n# Enable, disable, and read auth methods in the current level\npath \"sys/auth/*\" {\n  capabilities = [\"read\", \"create\", \"update\", \"delete\", \"sudo\"]\n}\n\n# Configure Auth methods and CRUD Auth methods' roles in the current level\npath \"auth/*\" {\n  capabilities = [\"create\", \"read\", \"update\", \"delete\", \"list\"]\n}\n\n# Enable and Disable engines\npath \"sys/mounts/*\" {\n capabilities = [\"read\", \"create\", \"update\", \"delete\", \"sudo\", \"list\"]\n}\n\n# List Engines in the CLI\n#If you want to view Engines in the UI you must specify the path in a separate policy path \"secrets/*\"\npath \"sys/mounts\" {\n capabilities = [\"read\"]\n}\n\n# Configure userpass, approle, etc.. auth methods\npath \"sys/mounts/auth/*\" {\n  capabilities = [\"create\", \"read\", \"update\", \"delete\", \"list\"]\n}\n\n"
          },
          "sensitive_attributes": [],
          "private": "bnVsbA==",
          "dependencies": [
            "data.vault_identity_group.secrets_admin_group",
            "module.landing_zone_secrets.vault_namespace.areas_namespaces",
            "module.landing_zone_secrets.vault_namespace.env_namespaces",
            "module.landing_zone_secrets.vault_namespace.markets_namespaces",
            "module.landing_zone_secrets.vault_namespace.project_namespaces"
          ]
        },
        {
          "index_key": "secrets/uk-de/omni/osfsky/non-prod",
          "schema_version": 0,
          "attributes": {
            "id": "vault_admins_policy",
            "name": "vault_admins_policy",
            "namespace": "secrets/uk-de/omni/osfsky/non-prod",
            "policy": "# Manage namespaces in the current level\npath \"sys/namespaces/*\" {\n  capabilities = [\"update\", \"read\", \"list\"]\n}\n\n# Manage secrets in the current level\npath \"secrets/*\" {\n  capabilities = [\"create\", \"update\", \"read\", \"delete\", \"list\", \"patch\"]\n}\n# Manage secrets in the current level\npath \"kv/*\" {\n  capabilities = [\"create\", \"update\", \"read\", \"delete\", \"list\", \"patch\"]\n}\n# Manage transit in the current level\npath \"transit/*\" {\n  capabilities = [\"create\", \"update\", \"read\", \"delete\", \"list\", \"patch\"]\n}\n\n# Manage database engine in the current level\npath \"database/*\" {\n  capabilities = [\"create\", \"update\", \"read\", \"delete\", \"list\"]\n}\n\n# Create and manage identities (entities, aliases, lookup, identity tokens, OIDC)\npath \"identity/*\" {\n  capabilities = [\"create\", \"update\", \"read\", \"delete\", \"list\"]\n}\n\n# Manage ACL policies in the current level\npath \"sys/policies/acl/*\" {\n  capabilities = [\"read\", \"create\", \"update\", \"delete\", \"list\"]\n}\n\n# List auth methods in the current level\npath \"sys/auth\" {\n  capabilities = [\"read\"]\n}\n\n# Enable, disable, and read auth methods in the current level\npath \"sys/auth/*\" {\n  capabilities = [\"read\", \"create\", \"update\", \"delete\", \"sudo\"]\n}\n\n# Configure Auth methods and CRUD Auth methods' roles in the current level\npath \"auth/*\" {\n  capabilities = [\"create\", \"read\", \"update\", \"delete\", \"list\"]\n}\n\n# Enable and Disable engines\npath \"sys/mounts/*\" {\n capabilities = [\"read\", \"create\", \"update\", \"delete\", \"sudo\", \"list\"]\n}\n\n# List Engines in the CLI\n#If you want to view Engines in the UI you must specify the path in a separate policy path \"secrets/*\"\npath \"sys/mounts\" {\n capabilities = [\"read\"]\n}\n\n# Configure userpass, approle, etc.. auth methods\npath \"sys/mounts/auth/*\" {\n  capabilities = [\"create\", \"read\", \"update\", \"delete\", \"list\"]\n}\n\n"
          },
          "sensitive_attributes": [],
          "private": "bnVsbA==",
          "dependencies": [
            "data.vault_identity_group.secrets_admin_group",
            "module.landing_zone_secrets.vault_namespace.areas_namespaces",
            "module.landing_zone_secrets.vault_namespace.env_namespaces",
            "module.landing_zone_secrets.vault_namespace.markets_namespaces",
            "module.landing_zone_secrets.vault_namespace.project_namespaces"
          ]
        },
        {
          "index_key": "secrets/vci/sms/sms-lab/non-prod",
          "schema_version": 0,
          "attributes": {
            "id": "vault_admins_policy",
            "name": "vault_admins_policy",
            "namespace": "secrets/vci/sms/sms-lab/non-prod",
            "policy": "# Manage namespaces in the current level\npath \"sys/namespaces/*\" {\n  capabilities = [\"update\", \"read\", \"list\"]\n}\n\n# Manage secrets in the current level\npath \"secrets/*\" {\n  capabilities = [\"create\", \"update\", \"read\", \"delete\", \"list\", \"patch\"]\n}\n# Manage secrets in the current level\npath \"kv/*\" {\n  capabilities = [\"create\", \"update\", \"read\", \"delete\", \"list\", \"patch\"]\n}\n# Manage transit in the current level\npath \"transit/*\" {\n  capabilities = [\"create\", \"update\", \"read\", \"delete\", \"list\", \"patch\"]\n}\n\n# Manage database engine in the current level\npath \"database/*\" {\n  capabilities = [\"create\", \"update\", \"read\", \"delete\", \"list\"]\n}\n\n# Create and manage identities (entities, aliases, lookup, identity tokens, OIDC)\npath \"identity/*\" {\n  capabilities = [\"create\", \"update\", \"read\", \"delete\", \"list\"]\n}\n\n# Manage ACL policies in the current level\npath \"sys/policies/acl/*\" {\n  capabilities = [\"read\", \"create\", \"update\", \"delete\", \"list\"]\n}\n\n# List auth methods in the current level\npath \"sys/auth\" {\n  capabilities = [\"read\"]\n}\n\n# Enable, disable, and read auth methods in the current level\npath \"sys/auth/*\" {\n  capabilities = [\"read\", \"create\", \"update\", \"delete\", \"sudo\"]\n}\n\n# Configure Auth methods and CRUD Auth methods' roles in the current level\npath \"auth/*\" {\n  capabilities = [\"create\", \"read\", \"update\", \"delete\", \"list\"]\n}\n\n# Enable and Disable engines\npath \"sys/mounts/*\" {\n capabilities = [\"read\", \"create\", \"update\", \"delete\", \"sudo\", \"list\"]\n}\n\n# List Engines in the CLI\n#If you want to view Engines in the UI you must specify the path in a separate policy path \"secrets/*\"\npath \"sys/mounts\" {\n capabilities = [\"read\"]\n}\n\n# Configure userpass, approle, etc.. auth methods\npath \"sys/mounts/auth/*\" {\n  capabilities = [\"create\", \"read\", \"update\", \"delete\", \"list\"]\n}\n\n"
          },
          "sensitive_attributes": [],
          "private": "bnVsbA==",
          "dependencies": [
            "data.vault_identity_group.secrets_admin_group",
            "module.landing_zone_secrets.vault_namespace.areas_namespaces",
            "module.landing_zone_secrets.vault_namespace.env_namespaces",
            "module.landing_zone_secrets.vault_namespace.markets_namespaces",
            "module.landing_zone_secrets.vault_namespace.project_namespaces"
          ]
        },
        {
          "index_key": "secrets/vci/sms/sms-prod/prod",
          "schema_version": 0,
          "attributes": {
            "id": "vault_admins_policy",
            "name": "vault_admins_policy",
            "namespace": "secrets/vci/sms/sms-prod/prod",
            "policy": "# Manage namespaces in the current level\npath \"sys/namespaces/*\" {\n  capabilities = [\"update\", \"read\", \"list\"]\n}\n\n# Manage secrets in the current level\npath \"secrets/*\" {\n  capabilities = [\"create\", \"update\", \"read\", \"delete\", \"list\", \"patch\"]\n}\n# Manage secrets in the current level\npath \"kv/*\" {\n  capabilities = [\"create\", \"update\", \"read\", \"delete\", \"list\", \"patch\"]\n}\n# Manage transit in the current level\npath \"transit/*\" {\n  capabilities = [\"create\", \"update\", \"read\", \"delete\", \"list\", \"patch\"]\n}\n\n# Manage database engine in the current level\npath \"database/*\" {\n  capabilities = [\"create\", \"update\", \"read\", \"delete\", \"list\"]\n}\n\n# Create and manage identities (entities, aliases, lookup, identity tokens, OIDC)\npath \"identity/*\" {\n  capabilities = [\"create\", \"update\", \"read\", \"delete\", \"list\"]\n}\n\n# Manage ACL policies in the current level\npath \"sys/policies/acl/*\" {\n  capabilities = [\"read\", \"create\", \"update\", \"delete\", \"list\"]\n}\n\n# List auth methods in the current level\npath \"sys/auth\" {\n  capabilities = [\"read\"]\n}\n\n# Enable, disable, and read auth methods in the current level\npath \"sys/auth/*\" {\n  capabilities = [\"read\", \"create\", \"update\", \"delete\", \"sudo\"]\n}\n\n# Configure Auth methods and CRUD Auth methods' roles in the current level\npath \"auth/*\" {\n  capabilities = [\"create\", \"read\", \"update\", \"delete\", \"list\"]\n}\n\n# Enable and Disable engines\npath \"sys/mounts/*\" {\n capabilities = [\"read\", \"create\", \"update\", \"delete\", \"sudo\", \"list\"]\n}\n\n# List Engines in the CLI\n#If you want to view Engines in the UI you must specify the path in a separate policy path \"secrets/*\"\npath \"sys/mounts\" {\n capabilities = [\"read\"]\n}\n\n# Configure userpass, approle, etc.. auth methods\npath \"sys/mounts/auth/*\" {\n  capabilities = [\"create\", \"read\", \"update\", \"delete\", \"list\"]\n}\n\n"
          },
          "sensitive_attributes": [],
          "private": "bnVsbA==",
          "dependencies": [
            "data.vault_identity_group.secrets_admin_group",
            "module.landing_zone_secrets.vault_namespace.areas_namespaces",
            "module.landing_zone_secrets.vault_namespace.env_namespaces",
            "module.landing_zone_secrets.vault_namespace.markets_namespaces",
            "module.landing_zone_secrets.vault_namespace.project_namespaces"
          ]
        },
        {
          "index_key": "secrets/vf-uk/crm-1/sieble-1/non-prod",
          "schema_version": 0,
          "attributes": {
            "id": "vault_admins_policy",
            "name": "vault_admins_policy",
            "namespace": "secrets/vf-uk/crm-1/sieble-1/non-prod",
            "policy": "# Manage namespaces in the current level\npath \"sys/namespaces/*\" {\n  capabilities = [\"update\", \"read\", \"list\"]\n}\n\n# Manage secrets in the current level\npath \"secrets/*\" {\n  capabilities = [\"create\", \"update\", \"read\", \"delete\", \"list\", \"patch\"]\n}\n# Manage secrets in the current level\npath \"kv/*\" {\n  capabilities = [\"create\", \"update\", \"read\", \"delete\", \"list\", \"patch\"]\n}\n# Manage transit in the current level\npath \"transit/*\" {\n  capabilities = [\"create\", \"update\", \"read\", \"delete\", \"list\", \"patch\"]\n}\n\n# Manage database engine in the current level\npath \"database/*\" {\n  capabilities = [\"create\", \"update\", \"read\", \"delete\", \"list\"]\n}\n\n# Create and manage identities (entities, aliases, lookup, identity tokens, OIDC)\npath \"identity/*\" {\n  capabilities = [\"create\", \"update\", \"read\", \"delete\", \"list\"]\n}\n\n# Manage ACL policies in the current level\npath \"sys/policies/acl/*\" {\n  capabilities = [\"read\", \"create\", \"update\", \"delete\", \"list\"]\n}\n\n# List auth methods in the current level\npath \"sys/auth\" {\n  capabilities = [\"read\"]\n}\n\n# Enable, disable, and read auth methods in the current level\npath \"sys/auth/*\" {\n  capabilities = [\"read\", \"create\", \"update\", \"delete\", \"sudo\"]\n}\n\n# Configure Auth methods and CRUD Auth methods' roles in the current level\npath \"auth/*\" {\n  capabilities = [\"create\", \"read\", \"update\", \"delete\", \"list\"]\n}\n\n# Enable and Disable engines\npath \"sys/mounts/*\" {\n capabilities = [\"read\", \"create\", \"update\", \"delete\", \"sudo\", \"list\"]\n}\n\n# List Engines in the CLI\n#If you want to view Engines in the UI you must specify the path in a separate policy path \"secrets/*\"\npath \"sys/mounts\" {\n capabilities = [\"read\"]\n}\n\n# Configure userpass, approle, etc.. auth methods\npath \"sys/mounts/auth/*\" {\n  capabilities = [\"create\", \"read\", \"update\", \"delete\", \"list\"]\n}\n\n"
          },
          "sensitive_attributes": [],
          "private": "bnVsbA==",
          "dependencies": [
            "data.vault_identity_group.secrets_admin_group",
            "module.landing_zone_secrets.vault_namespace.areas_namespaces",
            "module.landing_zone_secrets.vault_namespace.env_namespaces",
            "module.landing_zone_secrets.vault_namespace.markets_namespaces",
            "module.landing_zone_secrets.vault_namespace.project_namespaces"
          ]
        },
        {
          "index_key": "secrets/vf-uk/crm/sieble/prod",
          "schema_version": 0,
          "attributes": {
            "id": "vault_admins_policy",
            "name": "vault_admins_policy",
            "namespace": "secrets/vf-uk/crm/sieble/prod",
            "policy": "# Manage namespaces in the current level\npath \"sys/namespaces/*\" {\n  capabilities = [\"update\", \"read\", \"list\"]\n}\n\n# Manage secrets in the current level\npath \"secrets/*\" {\n  capabilities = [\"create\", \"update\", \"read\", \"delete\", \"list\", \"patch\"]\n}\n# Manage secrets in the current level\npath \"kv/*\" {\n  capabilities = [\"create\", \"update\", \"read\", \"delete\", \"list\", \"patch\"]\n}\n# Manage transit in the current level\npath \"transit/*\" {\n  capabilities = [\"create\", \"update\", \"read\", \"delete\", \"list\", \"patch\"]\n}\n\n# Manage database engine in the current level\npath \"database/*\" {\n  capabilities = [\"create\", \"update\", \"read\", \"delete\", \"list\"]\n}\n\n# Create and manage identities (entities, aliases, lookup, identity tokens, OIDC)\npath \"identity/*\" {\n  capabilities = [\"create\", \"update\", \"read\", \"delete\", \"list\"]\n}\n\n# Manage ACL policies in the current level\npath \"sys/policies/acl/*\" {\n  capabilities = [\"read\", \"create\", \"update\", \"delete\", \"list\"]\n}\n\n# List auth methods in the current level\npath \"sys/auth\" {\n  capabilities = [\"read\"]\n}\n\n# Enable, disable, and read auth methods in the current level\npath \"sys/auth/*\" {\n  capabilities = [\"read\", \"create\", \"update\", \"delete\", \"sudo\"]\n}\n\n# Configure Auth methods and CRUD Auth methods' roles in the current level\npath \"auth/*\" {\n  capabilities = [\"create\", \"read\", \"update\", \"delete\", \"list\"]\n}\n\n# Enable and Disable engines\npath \"sys/mounts/*\" {\n capabilities = [\"read\", \"create\", \"update\", \"delete\", \"sudo\", \"list\"]\n}\n\n# List Engines in the CLI\n#If you want to view Engines in the UI you must specify the path in a separate policy path \"secrets/*\"\npath \"sys/mounts\" {\n capabilities = [\"read\"]\n}\n\n# Configure userpass, approle, etc.. auth methods\npath \"sys/mounts/auth/*\" {\n  capabilities = [\"create\", \"read\", \"update\", \"delete\", \"list\"]\n}\n\n"
          },
          "sensitive_attributes": [],
          "private": "bnVsbA==",
          "dependencies": [
            "data.vault_identity_group.secrets_admin_group",
            "module.landing_zone_secrets.vault_namespace.areas_namespaces",
            "module.landing_zone_secrets.vault_namespace.env_namespaces",
            "module.landing_zone_secrets.vault_namespace.markets_namespaces",
            "module.landing_zone_secrets.vault_namespace.project_namespaces"
          ]
        }
      ]
    },
    {
      "module": "module.landing_zone_secrets",
      "mode": "managed",
      "type": "vault_policy",
      "name": "markets_policies",
      "provider": "provider[\"registry.terraform.io/hashicorp/vault\"]",
      "instances": [
        {
          "index_key": "uk-de",
          "schema_version": 0,
          "attributes": {
            "id": "vault_admins_policy",
            "name": "vault_admins_policy",
            "namespace": "secrets/uk-de",
            "policy": "# Manage namespaces in the secrets level\npath \"sys/namespaces/*\" {\n  capabilities = [\"create\", \"update\", \"patch\", \"delete\", \"read\", \"list\"]\n}\n\n# Create and manage identities (entities, aliases, lookup, identity tokens, OIDC) in the kms parent level\npath \"identity/*\" {\n  capabilities = [\"create\", \"update\", \"read\", \"delete\", \"list\"]\n}\n\n# Manage ACL policies in the secrets parent level\npath \"sys/policies/acl/*\" {\n  capabilities = [\"read\", \"create\", \"update\", \"delete\", \"list\"]\n}\n"
          },
          "sensitive_attributes": [],
          "private": "bnVsbA==",
          "dependencies": [
            "data.vault_identity_group.secrets_admin_group",
            "module.landing_zone_secrets.vault_namespace.markets_namespaces"
          ]
        },
        {
          "index_key": "vci",
          "schema_version": 0,
          "attributes": {
            "id": "vault_admins_policy",
            "name": "vault_admins_policy",
            "namespace": "secrets/vci",
            "policy": "# Manage namespaces in the secrets level\npath \"sys/namespaces/*\" {\n  capabilities = [\"create\", \"update\", \"patch\", \"delete\", \"read\", \"list\"]\n}\n\n# Create and manage identities (entities, aliases, lookup, identity tokens, OIDC) in the kms parent level\npath \"identity/*\" {\n  capabilities = [\"create\", \"update\", \"read\", \"delete\", \"list\"]\n}\n\n# Manage ACL policies in the secrets parent level\npath \"sys/policies/acl/*\" {\n  capabilities = [\"read\", \"create\", \"update\", \"delete\", \"list\"]\n}\n"
          },
          "sensitive_attributes": [],
          "private": "bnVsbA==",
          "dependencies": [
            "data.vault_identity_group.secrets_admin_group",
            "module.landing_zone_secrets.vault_namespace.markets_namespaces"
          ]
        },
        {
          "index_key": "vf-uk",
          "schema_version": 0,
          "attributes": {
            "id": "vault_admins_policy",
            "name": "vault_admins_policy",
            "namespace": "secrets/vf-uk",
            "policy": "# Manage namespaces in the secrets level\npath \"sys/namespaces/*\" {\n  capabilities = [\"create\", \"update\", \"patch\", \"delete\", \"read\", \"list\"]\n}\n\n# Create and manage identities (entities, aliases, lookup, identity tokens, OIDC) in the kms parent level\npath \"identity/*\" {\n  capabilities = [\"create\", \"update\", \"read\", \"delete\", \"list\"]\n}\n\n# Manage ACL policies in the secrets parent level\npath \"sys/policies/acl/*\" {\n  capabilities = [\"read\", \"create\", \"update\", \"delete\", \"list\"]\n}\n"
          },
          "sensitive_attributes": [],
          "private": "bnVsbA==",
          "dependencies": [
            "data.vault_identity_group.secrets_admin_group",
            "module.landing_zone_secrets.vault_namespace.markets_namespaces"
          ]
        }
      ]
    },
    {
      "module": "module.landing_zone_secrets",
      "mode": "managed",
      "type": "vault_policy",
      "name": "projects_policies",
      "provider": "provider[\"registry.terraform.io/hashicorp/vault\"]",
      "instances": [
        {
          "index_key": "secrets/uk-de/omni/osfsky",
          "schema_version": 0,
          "attributes": {
            "id": "vault_admins_policy",
            "name": "vault_admins_policy",
            "namespace": "secrets/uk-de/omni/osfsky",
            "policy": "# Manage namespaces in the secrets level\npath \"sys/namespaces/*\" {\n  capabilities = [\"create\", \"update\", \"patch\", \"delete\", \"read\", \"list\"]\n}\n\n# Create and manage identities (entities, aliases, lookup, identity tokens, OIDC) in the kms parent level\npath \"identity/*\" {\n  capabilities = [\"create\", \"update\", \"read\", \"delete\", \"list\"]\n}\n\n# Manage ACL policies in the secrets parent level\npath \"sys/policies/acl/*\" {\n  capabilities = [\"read\", \"create\", \"update\", \"delete\", \"list\"]\n}\n"
          },
          "sensitive_attributes": [],
          "private": "bnVsbA==",
          "dependencies": [
            "data.vault_identity_group.secrets_admin_group",
            "module.landing_zone_secrets.vault_namespace.areas_namespaces",
            "module.landing_zone_secrets.vault_namespace.markets_namespaces",
            "module.landing_zone_secrets.vault_namespace.project_namespaces"
          ]
        },
        {
          "index_key": "secrets/uk-de/omni/osfsky-1",
          "schema_version": 0,
          "attributes": {
            "id": "vault_admins_policy",
            "name": "vault_admins_policy",
            "namespace": "secrets/uk-de/omni/osfsky-1",
            "policy": "# Manage namespaces in the secrets level\npath \"sys/namespaces/*\" {\n  capabilities = [\"create\", \"update\", \"patch\", \"delete\", \"read\", \"list\"]\n}\n\n# Create and manage identities (entities, aliases, lookup, identity tokens, OIDC) in the kms parent level\npath \"identity/*\" {\n  capabilities = [\"create\", \"update\", \"read\", \"delete\", \"list\"]\n}\n\n# Manage ACL policies in the secrets parent level\npath \"sys/policies/acl/*\" {\n  capabilities = [\"read\", \"create\", \"update\", \"delete\", \"list\"]\n}\n"
          },
          "sensitive_attributes": [],
          "private": "bnVsbA==",
          "dependencies": [
            "data.vault_identity_group.secrets_admin_group",
            "module.landing_zone_secrets.vault_namespace.areas_namespaces",
            "module.landing_zone_secrets.vault_namespace.markets_namespaces",
            "module.landing_zone_secrets.vault_namespace.project_namespaces"
          ]
        },
        {
          "index_key": "secrets/vci/sms/sms-lab",
          "schema_version": 0,
          "attributes": {
            "id": "vault_admins_policy",
            "name": "vault_admins_policy",
            "namespace": "secrets/vci/sms/sms-lab",
            "policy": "# Manage namespaces in the secrets level\npath \"sys/namespaces/*\" {\n  capabilities = [\"create\", \"update\", \"patch\", \"delete\", \"read\", \"list\"]\n}\n\n# Create and manage identities (entities, aliases, lookup, identity tokens, OIDC) in the kms parent level\npath \"identity/*\" {\n  capabilities = [\"create\", \"update\", \"read\", \"delete\", \"list\"]\n}\n\n# Manage ACL policies in the secrets parent level\npath \"sys/policies/acl/*\" {\n  capabilities = [\"read\", \"create\", \"update\", \"delete\", \"list\"]\n}\n"
          },
          "sensitive_attributes": [],
          "private": "bnVsbA==",
          "dependencies": [
            "data.vault_identity_group.secrets_admin_group",
            "module.landing_zone_secrets.vault_namespace.areas_namespaces",
            "module.landing_zone_secrets.vault_namespace.markets_namespaces",
            "module.landing_zone_secrets.vault_namespace.project_namespaces"
          ]
        },
        {
          "index_key": "secrets/vci/sms/sms-prod",
          "schema_version": 0,
          "attributes": {
            "id": "vault_admins_policy",
            "name": "vault_admins_policy",
            "namespace": "secrets/vci/sms/sms-prod",
            "policy": "# Manage namespaces in the secrets level\npath \"sys/namespaces/*\" {\n  capabilities = [\"create\", \"update\", \"patch\", \"delete\", \"read\", \"list\"]\n}\n\n# Create and manage identities (entities, aliases, lookup, identity tokens, OIDC) in the kms parent level\npath \"identity/*\" {\n  capabilities = [\"create\", \"update\", \"read\", \"delete\", \"list\"]\n}\n\n# Manage ACL policies in the secrets parent level\npath \"sys/policies/acl/*\" {\n  capabilities = [\"read\", \"create\", \"update\", \"delete\", \"list\"]\n}\n"
          },
          "sensitive_attributes": [],
          "private": "bnVsbA==",
          "dependencies": [
            "data.vault_identity_group.secrets_admin_group",
            "module.landing_zone_secrets.vault_namespace.areas_namespaces",
            "module.landing_zone_secrets.vault_namespace.markets_namespaces",
            "module.landing_zone_secrets.vault_namespace.project_namespaces"
          ]
        },
        {
          "index_key": "secrets/vf-uk/crm-1/sieble-1",
          "schema_version": 0,
          "attributes": {
            "id": "vault_admins_policy",
            "name": "vault_admins_policy",
            "namespace": "secrets/vf-uk/crm-1/sieble-1",
            "policy": "# Manage namespaces in the secrets level\npath \"sys/namespaces/*\" {\n  capabilities = [\"create\", \"update\", \"patch\", \"delete\", \"read\", \"list\"]\n}\n\n# Create and manage identities (entities, aliases, lookup, identity tokens, OIDC) in the kms parent level\npath \"identity/*\" {\n  capabilities = [\"create\", \"update\", \"read\", \"delete\", \"list\"]\n}\n\n# Manage ACL policies in the secrets parent level\npath \"sys/policies/acl/*\" {\n  capabilities = [\"read\", \"create\", \"update\", \"delete\", \"list\"]\n}\n"
          },
          "sensitive_attributes": [],
          "private": "bnVsbA==",
          "dependencies": [
            "data.vault_identity_group.secrets_admin_group",
            "module.landing_zone_secrets.vault_namespace.areas_namespaces",
            "module.landing_zone_secrets.vault_namespace.markets_namespaces",
            "module.landing_zone_secrets.vault_namespace.project_namespaces"
          ]
        },
        {
          "index_key": "secrets/vf-uk/crm/sieble",
          "schema_version": 0,
          "attributes": {
            "id": "vault_admins_policy",
            "name": "vault_admins_policy",
            "namespace": "secrets/vf-uk/crm/sieble",
            "policy": "# Manage namespaces in the secrets level\npath \"sys/namespaces/*\" {\n  capabilities = [\"create\", \"update\", \"patch\", \"delete\", \"read\", \"list\"]\n}\n\n# Create and manage identities (entities, aliases, lookup, identity tokens, OIDC) in the kms parent level\npath \"identity/*\" {\n  capabilities = [\"create\", \"update\", \"read\", \"delete\", \"list\"]\n}\n\n# Manage ACL policies in the secrets parent level\npath \"sys/policies/acl/*\" {\n  capabilities = [\"read\", \"create\", \"update\", \"delete\", \"list\"]\n}\n"
          },
          "sensitive_attributes": [],
          "private": "bnVsbA==",
          "dependencies": [
            "data.vault_identity_group.secrets_admin_group",
            "module.landing_zone_secrets.vault_namespace.areas_namespaces",
            "module.landing_zone_secrets.vault_namespace.markets_namespaces",
            "module.landing_zone_secrets.vault_namespace.project_namespaces"
          ]
        }
      ]
    }
  ],
  "check_results": null
}
